{
  "projects": [
    {
      "projectId": "gmeH6XgPaBtkt51HunAo4g",
      "version": "18.17.0",
      "dependencies": {},
      "lang": "ts",
      "fileLocks": [
        {
          "assetId": "gmeH6XgPaBtkt51HunAo4g",
          "type": "projectCss",
          "checksum": "1c02168c6b23256606111fdfdbb63549"
        }
      ],
      "codegenVersion": "0.0.1"
    },
    {
      "projectId": "jBiZ6mVcaqvvQhNgAZtxJj",
      "version": "latest",
      "dependencies": {
        "gmeH6XgPaBtkt51HunAo4g": "18.17.0"
      },
      "lang": "ts",
      "fileLocks": [
        {
          "type": "globalVariant",
          "assetId": "uhiwrvQiHx_w",
          "checksum": "7dbe0aba32e04310885e83e26faaa9f4"
        },
        {
          "assetId": "jBiZ6mVcaqvvQhNgAZtxJj",
          "type": "projectCss",
          "checksum": "6e63c7c3d695afeb80faab5249ebf9e2"
        },
        {
          "assetId": "jBiZ6mVcaqvvQhNgAZtxJj",
          "checksum": "47b2cdc04fe3b3cdc9792d7aba1e7d8e",
          "type": "globalContexts"
        },
        {
          "type": "renderModule",
          "assetId": "d-irHv6To3ix",
          "checksum": "8589adc4c5738c2c9fd30b3dcff7f4a5"
        },
        {
          "type": "cssRules",
          "assetId": "d-irHv6To3ix",
          "checksum": "8589adc4c5738c2c9fd30b3dcff7f4a5"
        },
        {
          "type": "renderModule",
          "assetId": "zuTrccpaSl8-",
          "checksum": "1fec3a1f9d2203a32f45d2d385e75f82"
        },
        {
          "type": "cssRules",
          "assetId": "zuTrccpaSl8-",
          "checksum": "1fec3a1f9d2203a32f45d2d385e75f82"
        },
        {
          "type": "renderModule",
          "assetId": "RAVPFCqWLBJD",
          "checksum": "353149d6b8148dc46e888aefcbfe0df4"
        },
        {
          "type": "cssRules",
          "assetId": "RAVPFCqWLBJD",
          "checksum": "353149d6b8148dc46e888aefcbfe0df4"
        },
        {
          "type": "renderModule",
          "assetId": "2jgXYj66I2jw",
          "checksum": "9a2a45a7839bcfbb1a3143e06cf9f3fd"
        },
        {
          "type": "cssRules",
          "assetId": "2jgXYj66I2jw",
          "checksum": "9a2a45a7839bcfbb1a3143e06cf9f3fd"
        },
        {
          "type": "renderModule",
          "assetId": "T77CyEwPIHXf",
          "checksum": "53fba3d19eba5f5c9f5b00688a0c3285"
        },
        {
          "type": "cssRules",
          "assetId": "T77CyEwPIHXf",
          "checksum": "53fba3d19eba5f5c9f5b00688a0c3285"
        },
        {
          "type": "renderModule",
          "assetId": "QfUSVS5NJ9Wj",
          "checksum": "8b8b5a8236788173945b1e21024f2e0e"
        },
        {
          "type": "cssRules",
          "assetId": "QfUSVS5NJ9Wj",
          "checksum": "8b8b5a8236788173945b1e21024f2e0e"
        },
        {
          "type": "renderModule",
          "assetId": "H_0mS4Ppc8t3",
          "checksum": "af68e8e14e7c85a7e516e9abf5156874"
        },
        {
          "type": "cssRules",
          "assetId": "H_0mS4Ppc8t3",
          "checksum": "af68e8e14e7c85a7e516e9abf5156874"
        },
        {
          "type": "renderModule",
          "assetId": "njleIwTnGiF9",
          "checksum": "db7053b3d427347ce6bf45036a4d6b91"
        },
        {
          "type": "cssRules",
          "assetId": "njleIwTnGiF9",
          "checksum": "db7053b3d427347ce6bf45036a4d6b91"
        },
        {
          "type": "renderModule",
          "assetId": "hqmAZKxn3lBH",
          "checksum": "ccff752199333e2836e7fe22503da325"
        },
        {
          "type": "cssRules",
          "assetId": "hqmAZKxn3lBH",
          "checksum": "ccff752199333e2836e7fe22503da325"
        },
        {
          "type": "renderModule",
          "assetId": "BCiYdkgNVly9",
          "checksum": "1cc1c967f4aef607b8ad9202426faeb3"
        },
        {
          "type": "cssRules",
          "assetId": "BCiYdkgNVly9",
          "checksum": "1cc1c967f4aef607b8ad9202426faeb3"
        },
        {
          "type": "renderModule",
          "assetId": "xkxz71YjYJXb",
          "checksum": "1ab2dcc8e4af25f2cdce12715a5addb4"
        },
        {
          "type": "cssRules",
          "assetId": "xkxz71YjYJXb",
          "checksum": "1ab2dcc8e4af25f2cdce12715a5addb4"
        },
        {
          "type": "renderModule",
          "assetId": "gVDEDRghe-N9",
          "checksum": "17b2c824f4d1e3e38b1c1c4b1d82482c"
        },
        {
          "type": "cssRules",
          "assetId": "gVDEDRghe-N9",
          "checksum": "17b2c824f4d1e3e38b1c1c4b1d82482c"
        },
        {
          "type": "renderModule",
          "assetId": "woWQ5CaOV9BL",
          "checksum": "f7e9b900bc5f54455c3f5f29dd90bea7"
        },
        {
          "type": "cssRules",
          "assetId": "woWQ5CaOV9BL",
          "checksum": "f7e9b900bc5f54455c3f5f29dd90bea7"
        },
        {
          "type": "renderModule",
          "assetId": "MOawot0i3WUD",
          "checksum": "110baf8ce9772e6416e761f5339675d0"
        },
        {
          "type": "cssRules",
          "assetId": "MOawot0i3WUD",
          "checksum": "110baf8ce9772e6416e761f5339675d0"
        },
        {
          "type": "renderModule",
          "assetId": "qsBxJKXz_6A_",
          "checksum": "8831e1f7e04a6cc3a9a7b969834a4c9b"
        },
        {
          "type": "cssRules",
          "assetId": "qsBxJKXz_6A_",
          "checksum": "8831e1f7e04a6cc3a9a7b969834a4c9b"
        },
        {
          "type": "renderModule",
          "assetId": "M63gnljlnIZ4",
          "checksum": "79550e5cb715ec7b8ff1015e5881938c"
        },
        {
          "type": "cssRules",
          "assetId": "M63gnljlnIZ4",
          "checksum": "79550e5cb715ec7b8ff1015e5881938c"
        },
        {
          "type": "renderModule",
          "assetId": "zVKX4z2_8Jn-",
          "checksum": "cf14a2dd1533057bbb8315d4c5830481"
        },
        {
          "type": "cssRules",
          "assetId": "zVKX4z2_8Jn-",
          "checksum": "cf14a2dd1533057bbb8315d4c5830481"
        },
        {
          "type": "renderModule",
          "assetId": "EKkFGmFBdsMZ",
          "checksum": "b75c7aaa8087d1add398c322559bfdc6"
        },
        {
          "type": "cssRules",
          "assetId": "EKkFGmFBdsMZ",
          "checksum": "b75c7aaa8087d1add398c322559bfdc6"
        },
        {
          "type": "renderModule",
          "assetId": "WmESnHSkz6v5",
          "checksum": "e181d1faf20aa2f8b90b89ad2eb108b9"
        },
        {
          "type": "cssRules",
          "assetId": "WmESnHSkz6v5",
          "checksum": "e181d1faf20aa2f8b90b89ad2eb108b9"
        },
        {
          "type": "renderModule",
          "assetId": "52Ke8AM-D84q",
          "checksum": "e92d2090df737bef7a8a82020d419329"
        },
        {
          "type": "cssRules",
          "assetId": "52Ke8AM-D84q",
          "checksum": "e92d2090df737bef7a8a82020d419329"
        },
        {
          "type": "renderModule",
          "assetId": "ZjUmynlZq0GF",
          "checksum": "38ed9c6f5ae4b2e1d4520e06b2367570"
        },
        {
          "type": "cssRules",
          "assetId": "ZjUmynlZq0GF",
          "checksum": "38ed9c6f5ae4b2e1d4520e06b2367570"
        },
        {
          "type": "renderModule",
          "assetId": "u9q-dYLyQrW9",
          "checksum": "7c035697ff18c983906f4a46b2672c4f"
        },
        {
          "type": "cssRules",
          "assetId": "u9q-dYLyQrW9",
          "checksum": "7c035697ff18c983906f4a46b2672c4f"
        },
        {
          "type": "icon",
          "assetId": "egZ2Gf3BC__m",
          "checksum": "2d898d7ff035bec4b7a15c970975be41"
        },
        {
          "type": "icon",
          "assetId": "hGobBoFdslL0",
          "checksum": "79945781e99c3028a9dbe47b1109a362"
        },
        {
          "type": "icon",
          "assetId": "VE8BGtn1Im4e",
          "checksum": "be4e5daaad36155c33a9131d26841ee0"
        },
        {
          "type": "icon",
          "assetId": "dVCSemY5hQ7z",
          "checksum": "74bdf2c5f235b7dee56d929ab2150687"
        },
        {
          "type": "icon",
          "assetId": "Yf4LS4c7VmFy",
          "checksum": "69b5e2603740f24fa41938d976ca754b"
        },
        {
          "type": "icon",
          "assetId": "urS65DBz6Tiz",
          "checksum": "5d182080b217196afa97792b15daaabb"
        },
        {
          "type": "icon",
          "assetId": "wO7SB639B1Jq",
          "checksum": "f5e625e783212f30f4cd0b28cb1324e4"
        },
        {
          "type": "icon",
          "assetId": "kcKFyEOPyPa_",
          "checksum": "a767f0e74d527017ca36e0b71e000296"
        },
        {
          "type": "icon",
          "assetId": "PO6gmaRs8VRB",
          "checksum": "bb6ef7554a6154411989f809c95907e0"
        },
        {
          "type": "icon",
          "assetId": "oRApGAgTdCKv",
          "checksum": "dd0dccba5ada370c22410fba1cb4be65"
        },
        {
          "type": "icon",
          "assetId": "PxI8mgJ6ENO5",
          "checksum": "0c6cf1e4eaad28f8b53ba3bd94f23d85"
        },
        {
          "type": "icon",
          "assetId": "C_pjdFnUO76M",
          "checksum": "0be968da2f79c79df25513b53086eafa"
        },
        {
          "type": "icon",
          "assetId": "yfSi6iYBrMU1",
          "checksum": "1c877e05b7f67ae147e856eb44511808"
        },
        {
          "type": "icon",
          "assetId": "2WwxxkXStMaI",
          "checksum": "7cf2c58b9fb639e6daefa44189759df7"
        },
        {
          "type": "icon",
          "assetId": "9l3OjP_7lp2M",
          "checksum": "fc84306ec54b496da053ce0f0af3a268"
        },
        {
          "type": "icon",
          "assetId": "pMwm4t2O2beW",
          "checksum": "fe0950b9377a5ed8346ee956f6a625f2"
        },
        {
          "type": "icon",
          "assetId": "XCLMZxT-4jmR",
          "checksum": "95f9fd1302cfa0d7f284402701ed0e8b"
        },
        {
          "type": "icon",
          "assetId": "k5wsvkkp7ZWm",
          "checksum": "d57053eee3f0a27fc0acfe453420fe0a"
        },
        {
          "type": "icon",
          "assetId": "D7MGzFyTMVF6",
          "checksum": "b8c13c0a3753f99e674a2af25f972c7c"
        },
        {
          "type": "image",
          "assetId": "fPV589mPkoR4",
          "checksum": "edcfae7cae623b76ec752eea0b718243"
        },
        {
          "type": "image",
          "assetId": "NI17AE1HT5RL",
          "checksum": "6855940d8ebdf090b71dfff17ea511e0"
        },
        {
          "type": "image",
          "assetId": "K0LJPB_AzzsX",
          "checksum": "dd531589d4c21840608a619fd3252c3f"
        },
        {
          "type": "image",
          "assetId": "iXQyh6DHE97E",
          "checksum": "6d3e04732682cfcf7eccdfec88cb865f"
        },
        {
          "type": "image",
          "assetId": "ykRU-ddRTk1Y",
          "checksum": "ca843706db307c041c3c4405b3fc0152"
        },
        {
          "type": "image",
          "assetId": "cn0-CSD5mN48",
          "checksum": "b05564ee30ff0a536f2c3403832b28af"
        },
        {
          "type": "image",
          "assetId": "4lVXWoeTM9PN",
          "checksum": "3b02cd3c0936702c6ac6f866458dc513"
        },
        {
          "type": "image",
          "assetId": "Pu0WV4xRqhcc",
          "checksum": "eed02fe2ab1f1320ccab7a36c7039929"
        },
        {
          "type": "image",
          "assetId": "M-pKKSk7bTTN",
          "checksum": "f1ca7e3089d4171de9d11449ee4d82da"
        },
        {
          "type": "image",
          "assetId": "0JT4lKpT61cN",
          "checksum": "7adee5e0aa053fd81fbad51a2dd5e6f6"
        },
        {
          "type": "image",
          "assetId": "vEUM18ZWsvYB",
          "checksum": "37c7bcb2b2eea003414d62a70d6da8c8"
        },
        {
          "type": "image",
          "assetId": "k8h-IiFdGqUu",
          "checksum": "11d5183ca767ed9c8df84ece9c9c35b9"
        },
        {
          "type": "image",
          "assetId": "mSYTqG0Gv18I",
          "checksum": "6e2f1c71d4e446d9a4a21e042e4cff1d"
        },
        {
          "type": "image",
          "assetId": "T-zakbFc9a--",
          "checksum": "74658d5d35e98f92fa9cc89c75d6577d"
        },
        {
          "type": "image",
          "assetId": "_S0W2R1sQPEC",
          "checksum": "bbb9cc4cdfccc6aadaac2a8718c87106"
        },
        {
          "type": "image",
          "assetId": "kRGFx3zo3JRJ",
          "checksum": "b4a53bc676fa11895e2f102dbfb93f8d"
        },
        {
          "type": "image",
          "assetId": "cz7hPo8vUE0A",
          "checksum": "991f5c0ec8f30082cb746221cf444da3"
        },
        {
          "type": "image",
          "assetId": "jzN_a5t-sxCF",
          "checksum": "841eb0908f0e256bf0cbce568cb0843a"
        },
        {
          "type": "image",
          "assetId": "czLlOclU7AdF",
          "checksum": "cead6ebad3f35bb2b4a79877e7d6c26a"
        },
        {
          "type": "image",
          "assetId": "R9d9cRqaNVd9",
          "checksum": "ed953bc50e085bb72d3197ebfaf3424a"
        }
      ],
      "codegenVersion": "0.0.1"
    }
  ],
  "cliVersion": "0.1.337"
}
